// !$*UTF8*$!
{
	archiveVersion = 1;
	classes = {
	};
	objectVersion = 50;
	objects = {

/* Begin PBXBuildFile section */
		CE40BBFC23E058E5007337E4 /* SecondVC.swift in Sources */ = {isa = PBXBuildFile; fileRef = CE40BBFB23E058E5007337E4 /* SecondVC.swift */; };
		CE42D1FF235F630C003B350A /* musicCell.swift in Sources */ = {isa = PBXBuildFile; fileRef = CE42D1FE235F630C003B350A /* musicCell.swift */; };
		CE42D201235F6392003B350A /* ViewDesignable.swift in Sources */ = {isa = PBXBuildFile; fileRef = CE42D200235F6392003B350A /* ViewDesignable.swift */; };
		CE4DE1BB235EF5DF0085D55A /* AppDelegate.swift in Sources */ = {isa = PBXBuildFile; fileRef = CE4DE1BA235EF5DF0085D55A /* AppDelegate.swift */; };
		CE4DE1BD235EF5DF0085D55A /* SearchVC.swift in Sources */ = {isa = PBXBuildFile; fileRef = CE4DE1BC235EF5DF0085D55A /* SearchVC.swift */; };
		CE4DE1C0235EF5DF0085D55A /* Main.storyboard in Resources */ = {isa = PBXBuildFile; fileRef = CE4DE1BE235EF5DF0085D55A /* Main.storyboard */; };
		CE4DE1C2235EF5E00085D55A /* Assets.xcassets in Resources */ = {isa = PBXBuildFile; fileRef = CE4DE1C1235EF5E00085D55A /* Assets.xcassets */; };
		CE4DE1C5235EF5E00085D55A /* LaunchScreen.storyboard in Resources */ = {isa = PBXBuildFile; fileRef = CE4DE1C3235EF5E00085D55A /* LaunchScreen.storyboard */; };
		CE4DE1D5235F09A90085D55A /* DetailsVC.swift in Sources */ = {isa = PBXBuildFile; fileRef = CE4DE1D4235F09A90085D55A /* DetailsVC.swift */; };
		CE4DE1D7235F0DAC0085D55A /* MusicList.swift in Sources */ = {isa = PBXBuildFile; fileRef = CE4DE1D6235F0DAC0085D55A /* MusicList.swift */; };
		CE4DE1D9235F1D640085D55A /* Constants.swift in Sources */ = {isa = PBXBuildFile; fileRef = CE4DE1D8235F1D640085D55A /* Constants.swift */; };
		CE4DE1DB235F1E7B0085D55A /* WebAPI.swift in Sources */ = {isa = PBXBuildFile; fileRef = CE4DE1DA235F1E7B0085D55A /* WebAPI.swift */; };
		CE5625F023D75FDB00E293F2 /* State.swift in Sources */ = {isa = PBXBuildFile; fileRef = CE5625EF23D75FDB00E293F2 /* State.swift */; };
		CE5625F223D760A700E293F2 /* MusicListCellVM.swift in Sources */ = {isa = PBXBuildFile; fileRef = CE5625F123D760A700E293F2 /* MusicListCellVM.swift */; };
		CE714AF423D60E7F00B67D2A /* MusicListVM.swift in Sources */ = {isa = PBXBuildFile; fileRef = CE714AF323D60E7F00B67D2A /* MusicListVM.swift */; };
		CE7AD6CD23D99294005B7653 /* LoadImage.swift in Sources */ = {isa = PBXBuildFile; fileRef = CE7AD6CC23D99294005B7653 /* LoadImage.swift */; };
		CEC2489F23DDC923006F9EB6 /* DismissAnimator.swift in Sources */ = {isa = PBXBuildFile; fileRef = CEC2489E23DDC923006F9EB6 /* DismissAnimator.swift */; };
		CEC248A123DDE846006F9EB6 /* Interactor.swift in Sources */ = {isa = PBXBuildFile; fileRef = CEC248A023DDE846006F9EB6 /* Interactor.swift */; };
		CEF5758723D6ECA500DD0906 /* APIGateway.swift in Sources */ = {isa = PBXBuildFile; fileRef = CEF5758623D6ECA500DD0906 /* APIGateway.swift */; };
/* End PBXBuildFile section */

/* Begin PBXFileReference section */
		CE40BBFB23E058E5007337E4 /* SecondVC.swift */ = {isa = PBXFileReference; lastKnownFileType = sourcecode.swift; path = SecondVC.swift; sourceTree = "<group>"; };
		CE42D1FE235F630C003B350A /* musicCell.swift */ = {isa = PBXFileReference; lastKnownFileType = sourcecode.swift; path = musicCell.swift; sourceTree = "<group>"; };
		CE42D200235F6392003B350A /* ViewDesignable.swift */ = {isa = PBXFileReference; lastKnownFileType = sourcecode.swift; path = ViewDesignable.swift; sourceTree = "<group>"; };
		CE4DE1B7235EF5DF0085D55A /* MusicPlayList.app */ = {isa = PBXFileReference; explicitFileType = wrapper.application; includeInIndex = 0; path = MusicPlayList.app; sourceTree = BUILT_PRODUCTS_DIR; };
		CE4DE1BA235EF5DF0085D55A /* AppDelegate.swift */ = {isa = PBXFileReference; lastKnownFileType = sourcecode.swift; path = AppDelegate.swift; sourceTree = "<group>"; };
		CE4DE1BC235EF5DF0085D55A /* SearchVC.swift */ = {isa = PBXFileReference; lastKnownFileType = sourcecode.swift; path = SearchVC.swift; sourceTree = "<group>"; };
		CE4DE1BF235EF5DF0085D55A /* Base */ = {isa = PBXFileReference; lastKnownFileType = file.storyboard; name = Base; path = Base.lproj/Main.storyboard; sourceTree = "<group>"; };
		CE4DE1C1235EF5E00085D55A /* Assets.xcassets */ = {isa = PBXFileReference; lastKnownFileType = folder.assetcatalog; path = Assets.xcassets; sourceTree = "<group>"; };
		CE4DE1C4235EF5E00085D55A /* Base */ = {isa = PBXFileReference; lastKnownFileType = file.storyboard; name = Base; path = Base.lproj/LaunchScreen.storyboard; sourceTree = "<group>"; };
		CE4DE1C6235EF5E00085D55A /* Info.plist */ = {isa = PBXFileReference; lastKnownFileType = text.plist.xml; path = Info.plist; sourceTree = "<group>"; };
		CE4DE1D4235F09A90085D55A /* DetailsVC.swift */ = {isa = PBXFileReference; lastKnownFileType = sourcecode.swift; path = DetailsVC.swift; sourceTree = "<group>"; };
		CE4DE1D6235F0DAC0085D55A /* MusicList.swift */ = {isa = PBXFileReference; lastKnownFileType = sourcecode.swift; path = MusicList.swift; sourceTree = "<group>"; };
		CE4DE1D8235F1D640085D55A /* Constants.swift */ = {isa = PBXFileReference; lastKnownFileType = sourcecode.swift; path = Constants.swift; sourceTree = "<group>"; };
		CE4DE1DA235F1E7B0085D55A /* WebAPI.swift */ = {isa = PBXFileReference; lastKnownFileType = sourcecode.swift; path = WebAPI.swift; sourceTree = "<group>"; };
		CE5625EF23D75FDB00E293F2 /* State.swift */ = {isa = PBXFileReference; lastKnownFileType = sourcecode.swift; path = State.swift; sourceTree = "<group>"; };
		CE5625F123D760A700E293F2 /* MusicListCellVM.swift */ = {isa = PBXFileReference; lastKnownFileType = sourcecode.swift; path = MusicListCellVM.swift; sourceTree = "<group>"; };
		CE714AF323D60E7F00B67D2A /* MusicListVM.swift */ = {isa = PBXFileReference; lastKnownFileType = sourcecode.swift; path = MusicListVM.swift; sourceTree = "<group>"; };
		CE7AD6CC23D99294005B7653 /* LoadImage.swift */ = {isa = PBXFileReference; lastKnownFileType = sourcecode.swift; path = LoadImage.swift; sourceTree = "<group>"; };
		CEC2489E23DDC923006F9EB6 /* DismissAnimator.swift */ = {isa = PBXFileReference; lastKnownFileType = sourcecode.swift; path = DismissAnimator.swift; sourceTree = "<group>"; };
		CEC248A023DDE846006F9EB6 /* Interactor.swift */ = {isa = PBXFileReference; lastKnownFileType = sourcecode.swift; path = Interactor.swift; sourceTree = "<group>"; };
		CEF5758623D6ECA500DD0906 /* APIGateway.swift */ = {isa = PBXFileReference; lastKnownFileType = sourcecode.swift; path = APIGateway.swift; sourceTree = "<group>"; };
/* End PBXFileReference section */

/* Begin PBXFrameworksBuildPhase section */
		CE4DE1B4235EF5DF0085D55A /* Frameworks */ = {
			isa = PBXFrameworksBuildPhase;
			buildActionMask = 2147483647;
			files = (
			);
			runOnlyForDeploymentPostprocessing = 0;
		};
/* End PBXFrameworksBuildPhase section */

/* Begin PBXGroup section */
		CE4DE1AE235EF5DF0085D55A = {
			isa = PBXGroup;
			children = (
				CE4DE1B9235EF5DF0085D55A /* MusicPlayList */,
				CE4DE1B8235EF5DF0085D55A /* Products */,
			);
			sourceTree = "<group>";
		};
		CE4DE1B8235EF5DF0085D55A /* Products */ = {
			isa = PBXGroup;
			children = (
				CE4DE1B7235EF5DF0085D55A /* MusicPlayList.app */,
			);
			name = Products;
			sourceTree = "<group>";
		};
		CE4DE1B9235EF5DF0085D55A /* MusicPlayList */ = {
			isa = PBXGroup;
			children = (
				CEC2489D23DDC900006F9EB6 /* Transitions */,
				CE4DE1D3235EFD7A0085D55A /* Resources */,
				CE4DE1D0235EFC700085D55A /* Utilities */,
				CE4DE1CF235EFC640085D55A /* Models */,
				CE4DE1CE235EFC4B0085D55A /* Views */,
				CE4DE1CC235EFC0F0085D55A /* Controllers */,
				CE714AF223D60E5E00B67D2A /* ViewModel */,
				CE4DE1BA235EF5DF0085D55A /* AppDelegate.swift */,
				CE4DE1C1235EF5E00085D55A /* Assets.xcassets */,
				CE4DE1C6235EF5E00085D55A /* Info.plist */,
			);
			path = MusicPlayList;
			sourceTree = "<group>";
		};
		CE4DE1CC235EFC0F0085D55A /* Controllers */ = {
			isa = PBXGroup;
			children = (
				CE4DE1BC235EF5DF0085D55A /* SearchVC.swift */,
				CE4DE1D4235F09A90085D55A /* DetailsVC.swift */,
				CE40BBFB23E058E5007337E4 /* SecondVC.swift */,
			);
			path = Controllers;
			sourceTree = "<group>";
		};
		CE4DE1CE235EFC4B0085D55A /* Views */ = {
			isa = PBXGroup;
			children = (
				CE4DE1D2235EFD440085D55A /* Desiganble */,
				CE42D1FE235F630C003B350A /* musicCell.swift */,
			);
			path = Views;
			sourceTree = "<group>";
		};
		CE4DE1CF235EFC640085D55A /* Models */ = {
			isa = PBXGroup;
			children = (
				CE4DE1D6235F0DAC0085D55A /* MusicList.swift */,
			);
			path = Models;
			sourceTree = "<group>";
		};
		CE4DE1D0235EFC700085D55A /* Utilities */ = {
			isa = PBXGroup;
			children = (
				CEF5758523D6EC5B00DD0906 /* API Service */,
				CE4DE1D1235EFD2F0085D55A /* Network  */,
			);
			path = Utilities;
			sourceTree = "<group>";
		};
		CE4DE1D1235EFD2F0085D55A /* Network  */ = {
			isa = PBXGroup;
			children = (
				CE4DE1D8235F1D640085D55A /* Constants.swift */,
				CE4DE1DA235F1E7B0085D55A /* WebAPI.swift */,
			);
			path = "Network ";
			sourceTree = "<group>";
		};
		CE4DE1D2235EFD440085D55A /* Desiganble */ = {
			isa = PBXGroup;
			children = (
				CE42D200235F6392003B350A /* ViewDesignable.swift */,
			);
			path = Desiganble;
			sourceTree = "<group>";
		};
		CE4DE1D3235EFD7A0085D55A /* Resources */ = {
			isa = PBXGroup;
			children = (
				CE4DE1BE235EF5DF0085D55A /* Main.storyboard */,
				CE4DE1C3235EF5E00085D55A /* LaunchScreen.storyboard */,
			);
			path = Resources;
			sourceTree = "<group>";
		};
		CE714AF223D60E5E00B67D2A /* ViewModel */ = {
			isa = PBXGroup;
			children = (
				CE714AF323D60E7F00B67D2A /* MusicListVM.swift */,
				CE5625F123D760A700E293F2 /* MusicListCellVM.swift */,
			);
			path = ViewModel;
			sourceTree = "<group>";
		};
		CEC2489D23DDC900006F9EB6 /* Transitions */ = {
			isa = PBXGroup;
			children = (
				CEC2489E23DDC923006F9EB6 /* DismissAnimator.swift */,
				CEC248A023DDE846006F9EB6 /* Interactor.swift */,
			);
			name = Transitions;
			sourceTree = "<group>";
		};
		CEF5758523D6EC5B00DD0906 /* API Service */ = {
			isa = PBXGroup;
			children = (
				CEF5758623D6ECA500DD0906 /* APIGateway.swift */,
				CE5625EF23D75FDB00E293F2 /* State.swift */,
				CE7AD6CC23D99294005B7653 /* LoadImage.swift */,
			);
			path = "API Service";
			sourceTree = "<group>";
		};
/* End PBXGroup section */

/* Begin PBXNativeTarget section */
		CE4DE1B6235EF5DF0085D55A /* MusicPlayList */ = {
			isa = PBXNativeTarget;
			buildConfigurationList = CE4DE1C9235EF5E00085D55A /* Build configuration list for PBXNativeTarget "MusicPlayList" */;
			buildPhases = (
				CE4DE1B3235EF5DF0085D55A /* Sources */,
				CE4DE1B4235EF5DF0085D55A /* Frameworks */,
				CE4DE1B5235EF5DF0085D55A /* Resources */,
			);
			buildRules = (
			);
			dependencies = (
			);
			name = MusicPlayList;
			productName = MusicPlayList;
			productReference = CE4DE1B7235EF5DF0085D55A /* MusicPlayList.app */;
			productType = "com.apple.product-type.application";
		};
/* End PBXNativeTarget section */

/* Begin PBXProject section */
		CE4DE1AF235EF5DF0085D55A /* Project object */ = {
			isa = PBXProject;
			attributes = {
				LastSwiftUpdateCheck = 1020;
				LastUpgradeCheck = 1020;
				ORGANIZATIONNAME = "ibrahim-attalla";
				TargetAttributes = {
					CE4DE1B6235EF5DF0085D55A = {
						CreatedOnToolsVersion = 10.2;
					};
				};
			};
			buildConfigurationList = CE4DE1B2235EF5DF0085D55A /* Build configuration list for PBXProject "MusicPlayList" */;
			compatibilityVersion = "Xcode 9.3";
			developmentRegion = en;
			hasScannedForEncodings = 0;
			knownRegions = (
				en,
				Base,
			);
			mainGroup = CE4DE1AE235EF5DF0085D55A;
			productRefGroup = CE4DE1B8235EF5DF0085D55A /* Products */;
			projectDirPath = "";
			projectRoot = "";
			targets = (
				CE4DE1B6235EF5DF0085D55A /* MusicPlayList */,
			);
		};
/* End PBXProject section */

/* Begin PBXResourcesBuildPhase section */
		CE4DE1B5235EF5DF0085D55A /* Resources */ = {
			isa = PBXResourcesBuildPhase;
			buildActionMask = 2147483647;
			files = (
				CE4DE1C5235EF5E00085D55A /* LaunchScreen.storyboard in Resources */,
				CE4DE1C2235EF5E00085D55A /* Assets.xcassets in Resources */,
				CE4DE1C0235EF5DF0085D55A /* Main.storyboard in Resources */,
			);
			runOnlyForDeploymentPostprocessing = 0;
		};
/* End PBXResourcesBuildPhase section */

/* Begin PBXSourcesBuildPhase section */
		CE4DE1B3235EF5DF0085D55A /* Sources */ = {
			isa = PBXSourcesBuildPhase;
			buildActionMask = 2147483647;
			files = (
				CE42D201235F6392003B350A /* ViewDesignable.swift in Sources */,
				CE4DE1D9235F1D640085D55A /* Constants.swift in Sources */,
				CE4DE1DB235F1E7B0085D55A /* WebAPI.swift in Sources */,
				CE5625F023D75FDB00E293F2 /* State.swift in Sources */,
				CE5625F223D760A700E293F2 /* MusicListCellVM.swift in Sources */,
				CE4DE1BD235EF5DF0085D55A /* SearchVC.swift in Sources */,
				CE42D1FF235F630C003B350A /* musicCell.swift in Sources */,
				CE4DE1D5235F09A90085D55A /* DetailsVC.swift in Sources */,
				CEF5758723D6ECA500DD0906 /* APIGateway.swift in Sources */,
				CE714AF423D60E7F00B67D2A /* MusicListVM.swift in Sources */,
				CE4DE1BB235EF5DF0085D55A /* AppDelegate.swift in Sources */,
				CE7AD6CD23D99294005B7653 /* LoadImage.swift in Sources */,
				CEC248A123DDE846006F9EB6 /* Interactor.swift in Sources */,
				CE4DE1D7235F0DAC0085D55A /* MusicList.swift in Sources */,
				CE40BBFC23E058E5007337E4 /* SecondVC.swift in Sources */,
				CEC2489F23DDC923006F9EB6 /* DismissAnimator.swift in Sources */,
			);
			runOnlyForDeploymentPostprocessing = 0;
		};
/* End PBXSourcesBuildPhase section */

/* Begin PBXVariantGroup section */
		CE4DE1BE235EF5DF0085D55A /* Main.storyboard */ = {
			isa = PBXVariantGroup;
			children = (
				CE4DE1BF235EF5DF0085D55A /* Base */,
			);
			name = Main.storyboard;
			sourceTree = "<group>";
		};
		CE4DE1C3235EF5E00085D55A /* LaunchScreen.storyboard */ = {
			isa = PBXVariantGroup;
			children = (
				CE4DE1C4235EF5E00085D55A /* Base */,
			);
			name = LaunchScreen.storyboard;
			sourceTree = "<group>";
		};
/* End PBXVariantGroup section */

/* Begin XCBuildConfiguration section */
		CE4DE1C7235EF5E00085D55A /* Debug */ = {
			isa = XCBuildConfiguration;
			buildSettings = {
				ALWAYS_SEARCH_USER_PATHS = NO;
				CLANG_ANALYZER_NONNULL = YES;
				CLANG_ANALYZER_NUMBER_OBJECT_CONVERSION = YES_AGGRESSIVE;
				CLANG_CXX_LANGUAGE_STANDARD = "gnu++14";
				CLANG_CXX_LIBRARY = "libc++";
				CLANG_ENABLE_MODULES = YES;
				CLANG_ENABLE_OBJC_ARC = YES;
				CLANG_ENABLE_OBJC_WEAK = YES;
				CLANG_WARN_BLOCK_CAPTURE_AUTORELEASING = YES;
				CLANG_WARN_BOOL_CONVERSION = YES;
				CLANG_WARN_COMMA = YES;
				CLANG_WARN_CONSTANT_CONVERSION = YES;
				CLANG_WARN_DEPRECATED_OBJC_IMPLEMENTATIONS = YES;
				CLANG_WARN_DIRECT_OBJC_ISA_USAGE = YES_ERROR;
				CLANG_WARN_DOCUMENTATION_COMMENTS = YES;
				CLANG_WARN_EMPTY_BODY = YES;
				CLANG_WARN_ENUM_CONVERSION = YES;
				CLANG_WARN_INFINITE_RECURSION = YES;
				CLANG_WARN_INT_CONVERSION = YES;
				CLANG_WARN_NON_LITERAL_NULL_CONVERSION = YES;
				CLANG_WARN_OBJC_IMPLICIT_RETAIN_SELF = YES;
				CLANG_WARN_OBJC_LITERAL_CONVERSION = YES;
				CLANG_WARN_OBJC_ROOT_CLASS = YES_ERROR;
				CLANG_WARN_RANGE_LOOP_ANALYSIS = YES;
				CLANG_WARN_STRICT_PROTOTYPES = YES;
				CLANG_WARN_SUSPICIOUS_MOVE = YES;
				CLANG_WARN_UNGUARDED_AVAILABILITY = YES_AGGRESSIVE;
				CLANG_WARN_UNREACHABLE_CODE = YES;
				CLANG_WARN__DUPLICATE_METHOD_MATCH = YES;
				CODE_SIGN_IDENTITY = "iPhone Developer";
				COPY_PHASE_STRIP = NO;
				DEBUG_INFORMATION_FORMAT = dwarf;
				ENABLE_STRICT_OBJC_MSGSEND = YES;
				ENABLE_TESTABILITY = YES;
				GCC_C_LANGUAGE_STANDARD = gnu11;
				GCC_DYNAMIC_NO_PIC = NO;
				GCC_NO_COMMON_BLOCKS = YES;
				GCC_OPTIMIZATION_LEVEL = 0;
				GCC_PREPROCESSOR_DEFINITIONS = (
					"DEBUG=1",
					"$(inherited)",
				);
				GCC_WARN_64_TO_32_BIT_CONVERSION = YES;
				GCC_WARN_ABOUT_RETURN_TYPE = YES_ERROR;
				GCC_WARN_UNDECLARED_SELECTOR = YES;
				GCC_WARN_UNINITIALIZED_AUTOS = YES_AGGRESSIVE;
				GCC_WARN_UNUSED_FUNCTION = YES;
				GCC_WARN_UNUSED_VARIABLE = YES;
				IPHONEOS_DEPLOYMENT_TARGET = 12.2;
				MTL_ENABLE_DEBUG_INFO = INCLUDE_SOURCE;
				MTL_FAST_MATH = YES;
				ONLY_ACTIVE_ARCH = YES;
				SDKROOT = iphoneos;
				SWIFT_ACTIVE_COMPILATION_CONDITIONS = DEBUG;
				SWIFT_OPTIMIZATION_LEVEL = "-Onone";
			};
			name = Debug;
		};
		CE4DE1C8235EF5E00085D55A /* Release */ = {
			isa = XCBuildConfiguration;
			buildSettings = {
				ALWAYS_SEARCH_USER_PATHS = NO;
				CLANG_ANALYZER_NONNULL = YES;
				CLANG_ANALYZER_NUMBER_OBJECT_CONVERSION = YES_AGGRESSIVE;
				CLANG_CXX_LANGUAGE_STANDARD = "gnu++14";
				CLANG_CXX_LIBRARY = "libc++";
				CLANG_ENABLE_MODULES = YES;
				CLANG_ENABLE_OBJC_ARC = YES;
				CLANG_ENABLE_OBJC_WEAK = YES;
				CLANG_WARN_BLOCK_CAPTURE_AUTORELEASING = YES;
				CLANG_WARN_BOOL_CONVERSION = YES;
				CLANG_WARN_COMMA = YES;
				CLANG_WARN_CONSTANT_CONVERSION = YES;
				CLANG_WARN_DEPRECATED_OBJC_IMPLEMENTATIONS = YES;
				CLANG_WARN_DIRECT_OBJC_ISA_USAGE = YES_ERROR;
				CLANG_WARN_DOCUMENTATION_COMMENTS = YES;
				CLANG_WARN_EMPTY_BODY = YES;
				CLANG_WARN_ENUM_CONVERSION = YES;
				CLANG_WARN_INFINITE_RECURSION = YES;
				CLANG_WARN_INT_CONVERSION = YES;
				CLANG_WARN_NON_LITERAL_NULL_CONVERSION = YES;
				CLANG_WARN_OBJC_IMPLICIT_RETAIN_SELF = YES;
				CLANG_WARN_OBJC_LITERAL_CONVERSION = YES;
				CLANG_WARN_OBJC_ROOT_CLASS = YES_ERROR;
				CLANG_WARN_RANGE_LOOP_ANALYSIS = YES;
				CLANG_WARN_STRICT_PROTOTYPES = YES;
				CLANG_WARN_SUSPICIOUS_MOVE = YES;
				CLANG_WARN_UNGUARDED_AVAILABILITY = YES_AGGRESSIVE;
				CLANG_WARN_UNREACHABLE_CODE = YES;
				CLANG_WARN__DUPLICATE_METHOD_MATCH = YES;
				CODE_SIGN_IDENTITY = "iPhone Developer";
				COPY_PHASE_STRIP = NO;
				DEBUG_INFORMATION_FORMAT = "dwarf-with-dsym";
				ENABLE_NS_ASSERTIONS = NO;
				ENABLE_STRICT_OBJC_MSGSEND = YES;
				GCC_C_LANGUAGE_STANDARD = gnu11;
				GCC_NO_COMMON_BLOCKS = YES;
				GCC_WARN_64_TO_32_BIT_CONVERSION = YES;
				GCC_WARN_ABOUT_RETURN_TYPE = YES_ERROR;
				GCC_WARN_UNDECLARED_SELECTOR = YES;
				GCC_WARN_UNINITIALIZED_AUTOS = YES_AGGRESSIVE;
				GCC_WARN_UNUSED_FUNCTION = YES;
				GCC_WARN_UNUSED_VARIABLE = YES;
				IPHONEOS_DEPLOYMENT_TARGET = 12.2;
				MTL_ENABLE_DEBUG_INFO = NO;
				MTL_FAST_MATH = YES;
				SDKROOT = iphoneos;
				SWIFT_COMPILATION_MODE = wholemodule;
				SWIFT_OPTIMIZATION_LEVEL = "-O";
				VALIDATE_PRODUCT = YES;
			};
			name = Release;
		};
		CE4DE1CA235EF5E00085D55A /* Debug */ = {
			isa = XCBuildConfiguration;
			buildSettings = {
				ASSETCATALOG_COMPILER_APPICON_NAME = AppIcon;
				CODE_SIGN_STYLE = Automatic;
				DEVELOPMENT_TEAM = WNWHSQ239F;
				INFOPLIST_FILE = MusicPlayList/Info.plist;
				IPHONEOS_DEPLOYMENT_TARGET = 10.3;
				LD_RUNPATH_SEARCH_PATHS = (
					"$(inherited)",
					"@executable_path/Frameworks",
				);
				PRODUCT_BUNDLE_IDENTIFIER = "com.ibrahim-attalla.MusicPlayList";
				PRODUCT_NAME = "$(TARGET_NAME)";
				SWIFT_VERSION = 5.0;
				TARGETED_DEVICE_FAMILY = "1,2";
			};
			name = Debug;
		};
		CE4DE1CB235EF5E00085D55A /* Release */ = {
			isa = XCBuildConfiguration;
			buildSettings = {
				ASSETCATALOG_COMPILER_APPICON_NAME = AppIcon;
				CODE_SIGN_STYLE = Automatic;
				DEVELOPMENT_TEAM = WNWHSQ239F;
				INFOPLIST_FILE = MusicPlayList/Info.plist;
				IPHONEOS_DEPLOYMENT_TARGET = 10.3;
				LD_RUNPATH_SEARCH_PATHS = (
					"$(inherited)",
					"@executable_path/Frameworks",
				);
				PRODUCT_BUNDLE_IDENTIFIER = "com.ibrahim-attalla.MusicPlayList";
				PRODUCT_NAME = "$(TARGET_NAME)";
				SWIFT_VERSION = 5.0;
				TARGETED_DEVICE_FAMILY = "1,2";
			};
			name = Release;
		};
/* End XCBuildConfiguration section */

/* Begin XCConfigurationList section */
		CE4DE1B2235EF5DF0085D55A /* Build configuration list for PBXProject "MusicPlayList" */ = {
			isa = XCConfigurationList;
			buildConfigurations = (
				CE4DE1C7235EF5E00085D55A /* Debug */,
				CE4DE1C8235EF5E00085D55A /* Release */,
			);
			defaultConfigurationIsVisible = 0;
			defaultConfigurationName = Release;
		};
		CE4DE1C9235EF5E00085D55A /* Build configuration list for PBXNativeTarget "MusicPlayList" */ = {
			isa = XCConfigurationList;
			buildConfigurations = (
				CE4DE1CA235EF5E00085D55A /* Debug */,
				CE4DE1CB235EF5E00085D55A /* Release */,
			);
			defaultConfigurationIsVisible = 0;
			defaultConfigurationName = Release;
		};
/* End XCConfigurationList section */
	};
	rootObject = CE4DE1AF235EF5DF0085D55A /* Project object */;
}
